
Microsoft Visual Studio Solution File, Format Version 12.00
# Visual Studio Version 17
VisualStudioVersion = 17.6.33815.320
MinimumVisualStudioVersion = 10.0.40219.1
Project("{FAE04EC0-301F-11D3-BF4B-00C04F79EFBC}") = "Shopp_NewThings", "Shopp_NewThings\Shopp_NewThings.csproj", "{81FAA40C-1C69-4FFA-B33D-6F461F45AEA3}"
EndProject
Project("{FAE04EC0-301F-11D3-BF4B-00C04F79EFBC}") = "DataObjectLayer", "DataObjectLayer\DataObjectLayer.csproj", "{EA2AF1CE-024E-4AA2-91FA-8813FBE6C7C3}"
EndProject
Project("{FAE04EC0-301F-11D3-BF4B-00C04F79EFBC}") = "DataAccessLayer", "DataAccessLayer\DataAccessLayer.csproj", "{A70B65A7-313E-452F-8640-AB106F913D00}"
EndProject
Project("{FAE04EC0-301F-11D3-BF4B-00C04F79EFBC}") = "BusinessLogicLayer", "BusinessLogicLayer\BusinessLogicLayer.csproj", "{E6A18774-BF3F-4700-8ED8-FF91183ACC7C}"
EndProject
Global
	GlobalSection(SolutionConfigurationPlatforms) = preSolution
		Debug|Any CPU = Debug|Any CPU
		Release|Any CPU = Release|Any CPU
	EndGlobalSection
	GlobalSection(ProjectConfigurationPlatforms) = postSolution
		{81FAA40C-1C69-4FFA-B33D-6F461F45AEA3}.Debug|Any CPU.ActiveCfg = Debug|Any CPU
		{81FAA40C-1C69-4FFA-B33D-6F461F45AEA3}.Debug|Any CPU.Build.0 = Debug|Any CPU
		{81FAA40C-1C69-4FFA-B33D-6F461F45AEA3}.Release|Any CPU.ActiveCfg = Release|Any CPU
		{81FAA40C-1C69-4FFA-B33D-6F461F45AEA3}.Release|Any CPU.Build.0 = Release|Any CPU
		{EA2AF1CE-024E-4AA2-91FA-8813FBE6C7C3}.Debug|Any CPU.ActiveCfg = Debug|Any CPU
		{EA2AF1CE-024E-4AA2-91FA-8813FBE6C7C3}.Debug|Any CPU.Build.0 = Debug|Any CPU
		{EA2AF1CE-024E-4AA2-91FA-8813FBE6C7C3}.Release|Any CPU.ActiveCfg = Release|Any CPU
		{EA2AF1CE-024E-4AA2-91FA-8813FBE6C7C3}.Release|Any CPU.Build.0 = Release|Any CPU
		{A70B65A7-313E-452F-8640-AB106F913D00}.Debug|Any CPU.ActiveCfg = Debug|Any CPU
		{A70B65A7-313E-452F-8640-AB106F913D00}.Debug|Any CPU.Build.0 = Debug|Any CPU
		{A70B65A7-313E-452F-8640-AB106F913D00}.Release|Any CPU.ActiveCfg = Release|Any CPU
		{A70B65A7-313E-452F-8640-AB106F913D00}.Release|Any CPU.Build.0 = Release|Any CPU
		{E6A18774-BF3F-4700-8ED8-FF91183ACC7C}.Debug|Any CPU.ActiveCfg = Debug|Any CPU
		{E6A18774-BF3F-4700-8ED8-FF91183ACC7C}.Debug|Any CPU.Build.0 = Debug|Any CPU
		{E6A18774-BF3F-4700-8ED8-FF91183ACC7C}.Release|Any CPU.ActiveCfg = Release|Any CPU
		{E6A18774-BF3F-4700-8ED8-FF91183ACC7C}.Release|Any CPU.Build.0 = Release|Any CPU
	EndGlobalSection
	GlobalSection(SolutionProperties) = preSolution
		HideSolutionNode = FALSE
	EndGlobalSection
	GlobalSection(ExtensibilityGlobals) = postSolution
		SolutionGuid = {105DA92E-7ABB-44DF-AF06-7C8A09CB78C2}
	EndGlobalSection
EndGlobal
